
Microsoft Visual Studio Solution File, Format Version 10.00
# Visual Studio 2008
Project("{8BC9CEB8-8B4A-11D0-8D11-00A0C91BC942}") = "QtWebSocket", "QtWebSocket\QtWebSocket.vcproj", "{7B7BC528-6BF7-4F0A-BD84-4B57CA0A2606}"
EndProject
Project("{8BC9CEB8-8B4A-11D0-8D11-00A0C91BC942}") = "AutobahnTestSuite", "AutobahnTestSuite\Test.vcproj", "{CF0BAFAA-70E5-4777-8196-AAE035657648}"
EndProject
Global
	GlobalSection(SolutionConfigurationPlatforms) = preSolution
		Debug|Win32 = Debug|Win32
		Release|Win32 = Release|Win32
	EndGlobalSection
	GlobalSection(ProjectConfigurationPlatforms) = postSolution
		{7B7BC528-6BF7-4F0A-BD84-4B57CA0A2606}.Debug|Win32.ActiveCfg = Debug|Win32
		{7B7BC528-6BF7-4F0A-BD84-4B57CA0A2606}.Debug|Win32.Build.0 = Debug|Win32
		{7B7BC528-6BF7-4F0A-BD84-4B57CA0A2606}.Release|Win32.ActiveCfg = Release|Win32
		{7B7BC528-6BF7-4F0A-BD84-4B57CA0A2606}.Release|Win32.Build.0 = Release|Win32
		{CF0BAFAA-70E5-4777-8196-AAE035657648}.Debug|Win32.ActiveCfg = Debug|Win32
		{CF0BAFAA-70E5-4777-8196-AAE035657648}.Debug|Win32.Build.0 = Debug|Win32
		{CF0BAFAA-70E5-4777-8196-AAE035657648}.Release|Win32.ActiveCfg = Release|Win32
		{CF0BAFAA-70E5-4777-8196-AAE035657648}.Release|Win32.Build.0 = Release|Win32
	EndGlobalSection
	GlobalSection(SolutionProperties) = preSolution
		HideSolutionNode = FALSE
	EndGlobalSection
EndGlobal
